// !$*UTF8*$!
{
	archiveVersion = 1;
	classes = {
	};
	objectVersion = 46;
	objects = {

/* Begin PBXBuildFile section */
		4923587B1AB27FF400F41190 /* ShapeAniLayer.m in Sources */ = {isa = PBXBuildFile; fileRef = 4923587A1AB27FF400F41190 /* ShapeAniLayer.m */; };
		4923587E1AB2801900F41190 /* ShapeLayerController.m in Sources */ = {isa = PBXBuildFile; fileRef = 4923587D1AB2801900F41190 /* ShapeLayerController.m */; };
		4965ADA21999E58300DA77F3 /* Snowman.png in Resources */ = {isa = PBXBuildFile; fileRef = 4965ADA01999E58300DA77F3 /* Snowman.png */; };
		4965ADA31999E58300DA77F3 /* Snowman@2x.png in Resources */ = {isa = PBXBuildFile; fileRef = 4965ADA11999E58300DA77F3 /* Snowman@2x.png */; };
		4972F42D19986EF900CD2201 /* LayerPropertyViewController.m in Sources */ = {isa = PBXBuildFile; fileRef = 4972F42B19986EF900CD2201 /* LayerPropertyViewController.m */; };
		4972F42E19986EF900CD2201 /* LayerPropertyViewController.xib in Resources */ = {isa = PBXBuildFile; fileRef = 4972F42C19986EF900CD2201 /* LayerPropertyViewController.xib */; };
		4972F43119986F1800CD2201 /* DemoLayer.m in Sources */ = {isa = PBXBuildFile; fileRef = 4972F43019986F1800CD2201 /* DemoLayer.m */; };
		4972F43619989D4A00CD2201 /* CAPartDViewController.m in Sources */ = {isa = PBXBuildFile; fileRef = 4972F43419989D4A00CD2201 /* CAPartDViewController.m */; };
		4972F43719989D4A00CD2201 /* CAPartDViewController.xib in Resources */ = {isa = PBXBuildFile; fileRef = 4972F43519989D4A00CD2201 /* CAPartDViewController.xib */; };
		4972F43A19989F3B00CD2201 /* demo_pic1.png in Resources */ = {isa = PBXBuildFile; fileRef = 4972F43819989F3B00CD2201 /* demo_pic1.png */; };
		4972F43B19989F3B00CD2201 /* demo_pic2.png in Resources */ = {isa = PBXBuildFile; fileRef = 4972F43919989F3B00CD2201 /* demo_pic2.png */; };
		49CACBBE1994666D0083DEDA /* Foundation.framework in Frameworks */ = {isa = PBXBuildFile; fileRef = 49CACBBD1994666D0083DEDA /* Foundation.framework */; };
		49CACBC01994666D0083DEDA /* CoreGraphics.framework in Frameworks */ = {isa = PBXBuildFile; fileRef = 49CACBBF1994666D0083DEDA /* CoreGraphics.framework */; };
		49CACBC21994666D0083DEDA /* UIKit.framework in Frameworks */ = {isa = PBXBuildFile; fileRef = 49CACBC11994666D0083DEDA /* UIKit.framework */; };
		49CACBC81994666D0083DEDA /* InfoPlist.strings in Resources */ = {isa = PBXBuildFile; fileRef = 49CACBC61994666D0083DEDA /* InfoPlist.strings */; };
		49CACBCA1994666D0083DEDA /* main.m in Sources */ = {isa = PBXBuildFile; fileRef = 49CACBC91994666D0083DEDA /* main.m */; };
		49CACBCE1994666D0083DEDA /* AppDelegate.m in Sources */ = {isa = PBXBuildFile; fileRef = 49CACBCD1994666D0083DEDA /* AppDelegate.m */; };
		49CACBD11994666D0083DEDA /* Main.storyboard in Resources */ = {isa = PBXBuildFile; fileRef = 49CACBCF1994666D0083DEDA /* Main.storyboard */; };
		49CACBD41994666D0083DEDA /* ViewController.m in Sources */ = {isa = PBXBuildFile; fileRef = 49CACBD31994666D0083DEDA /* ViewController.m */; };
		49CACBD61994666D0083DEDA /* Images.xcassets in Resources */ = {isa = PBXBuildFile; fileRef = 49CACBD51994666D0083DEDA /* Images.xcassets */; };
		49CACBDC1994666D0083DEDA /* XCTest.framework in Frameworks */ = {isa = PBXBuildFile; fileRef = 49CACBDB1994666D0083DEDA /* XCTest.framework */; };
		49CACBDD1994666D0083DEDA /* Foundation.framework in Frameworks */ = {isa = PBXBuildFile; fileRef = 49CACBBD1994666D0083DEDA /* Foundation.framework */; };
		49CACBDE1994666D0083DEDA /* UIKit.framework in Frameworks */ = {isa = PBXBuildFile; fileRef = 49CACBC11994666D0083DEDA /* UIKit.framework */; };
		49CACBE61994666D0083DEDA /* InfoPlist.strings in Resources */ = {isa = PBXBuildFile; fileRef = 49CACBE41994666D0083DEDA /* InfoPlist.strings */; };
		49CACBE81994666D0083DEDA /* ShareOfCoreAnimationTests.m in Sources */ = {isa = PBXBuildFile; fileRef = 49CACBE71994666D0083DEDA /* ShareOfCoreAnimationTests.m */; };
		49CACBFC19946CD40083DEDA /* CAIntroViewController.m in Sources */ = {isa = PBXBuildFile; fileRef = 49CACBFA19946CD40083DEDA /* CAIntroViewController.m */; };
		49CACBFD19946CD40083DEDA /* CAIntroViewController.xib in Resources */ = {isa = PBXBuildFile; fileRef = 49CACBFB19946CD40083DEDA /* CAIntroViewController.xib */; };
		49CACC0219949B440083DEDA /* CAPartAViewController.m in Sources */ = {isa = PBXBuildFile; fileRef = 49CACC0019949B440083DEDA /* CAPartAViewController.m */; };
		49CACC0319949B440083DEDA /* CAPartAViewController.xib in Resources */ = {isa = PBXBuildFile; fileRef = 49CACC0119949B440083DEDA /* CAPartAViewController.xib */; };
		49CACC0F1994AC560083DEDA /* arcsoft.png in Resources */ = {isa = PBXBuildFile; fileRef = 49CACC0B1994AC560083DEDA /* arcsoft.png */; };
		49CACC101994AC560083DEDA /* circle.png in Resources */ = {isa = PBXBuildFile; fileRef = 49CACC0C1994AC560083DEDA /* circle.png */; };
		49CACC111994AC560083DEDA /* Core Animation.png in Resources */ = {isa = PBXBuildFile; fileRef = 49CACC0D1994AC560083DEDA /* Core Animation.png */; };
		49CACC121994AC560083DEDA /* tracker.png in Resources */ = {isa = PBXBuildFile; fileRef = 49CACC0E1994AC560083DEDA /* tracker.png */; };
		49CACC171994AE8E0083DEDA /* CAPartBViewController.m in Sources */ = {isa = PBXBuildFile; fileRef = 49CACC151994AE8E0083DEDA /* CAPartBViewController.m */; };
		49CACC181994AE8E0083DEDA /* CAPartBViewController.xib in Resources */ = {isa = PBXBuildFile; fileRef = 49CACC161994AE8E0083DEDA /* CAPartBViewController.xib */; };
		49CACC1D1994C2150083DEDA /* CASupplementViewController.m in Sources */ = {isa = PBXBuildFile; fileRef = 49CACC1B1994C2150083DEDA /* CASupplementViewController.m */; };
		49CACC1E1994C2150083DEDA /* CASupplementViewController.xib in Resources */ = {isa = PBXBuildFile; fileRef = 49CACC1C1994C2150083DEDA /* CASupplementViewController.xib */; };
		49CACC201994C3F20083DEDA /* head_icon.png in Resources */ = {isa = PBXBuildFile; fileRef = 49CACC1F1994C3F20083DEDA /* head_icon.png */; };
		49CACC251994CFB00083DEDA /* CAPartCViewController.m in Sources */ = {isa = PBXBuildFile; fileRef = 49CACC231994CFB00083DEDA /* CAPartCViewController.m */; };
		49CACC261994CFB00083DEDA /* CAPartCViewController.xib in Resources */ = {isa = PBXBuildFile; fileRef = 49CACC241994CFB00083DEDA /* CAPartCViewController.xib */; };
		49CACC281994D0930083DEDA /* test.jpg in Resources */ = {isa = PBXBuildFile; fileRef = 49CACC271994D0930083DEDA /* test.jpg */; };
/* End PBXBuildFile section */

/* Begin PBXContainerItemProxy section */
		49CACBDF1994666D0083DEDA /* PBXContainerItemProxy */ = {
			isa = PBXContainerItemProxy;
			containerPortal = 49CACBB21994666D0083DEDA /* Project object */;
			proxyType = 1;
			remoteGlobalIDString = 49CACBB91994666D0083DEDA;
			remoteInfo = ShareOfCoreAnimation;
		};
/* End PBXContainerItemProxy section */

/* Begin PBXFileReference section */
		492358791AB27FF400F41190 /* ShapeAniLayer.h */ = {isa = PBXFileReference; fileEncoding = 4; lastKnownFileType = sourcecode.c.h; name = ShapeAniLayer.h; path = "CA-Part-C/ShapeAniLayer.h"; sourceTree = "<group>"; };
		4923587A1AB27FF400F41190 /* ShapeAniLayer.m */ = {isa = PBXFileReference; fileEncoding = 4; lastKnownFileType = sourcecode.c.objc; name = ShapeAniLayer.m; path = "CA-Part-C/ShapeAniLayer.m"; sourceTree = "<group>"; };
		4923587C1AB2801900F41190 /* ShapeLayerController.h */ = {isa = PBXFileReference; fileEncoding = 4; lastKnownFileType = sourcecode.c.h; name = ShapeLayerController.h; path = "CA-Part-C/ShapeLayerController.h"; sourceTree = "<group>"; };
		4923587D1AB2801900F41190 /* ShapeLayerController.m */ = {isa = PBXFileReference; fileEncoding = 4; lastKnownFileType = sourcecode.c.objc; name = ShapeLayerController.m; path = "CA-Part-C/ShapeLayerController.m"; sourceTree = "<group>"; };
		4965ADA01999E58300DA77F3 /* Snowman.png */ = {isa = PBXFileReference; lastKnownFileType = image.png; name = Snowman.png; path = Resource/Snowman.png; sourceTree = "<group>"; };
		4965ADA11999E58300DA77F3 /* Snowman@2x.png */ = {isa = PBXFileReference; lastKnownFileType = image.png; name = "Snowman@2x.png"; path = "Resource/Snowman@2x.png"; sourceTree = "<group>"; };
		4972F42A19986EF900CD2201 /* LayerPropertyViewController.h */ = {isa = PBXFileReference; fileEncoding = 4; lastKnownFileType = sourcecode.c.h; name = LayerPropertyViewController.h; path = LayerProperty/LayerPropertyViewController.h; sourceTree = "<group>"; };
		4972F42B19986EF900CD2201 /* LayerPropertyViewController.m */ = {isa = PBXFileReference; fileEncoding = 4; lastKnownFileType = sourcecode.c.objc; name = LayerPropertyViewController.m; path = LayerProperty/LayerPropertyViewController.m; sourceTree = "<group>"; };
		4972F42C19986EF900CD2201 /* LayerPropertyViewController.xib */ = {isa = PBXFileReference; fileEncoding = 4; lastKnownFileType = file.xib; name = LayerPropertyViewController.xib; path = LayerProperty/LayerPropertyViewController.xib; sourceTree = "<group>"; };
		4972F42F19986F1800CD2201 /* DemoLayer.h */ = {isa = PBXFileReference; fileEncoding = 4; lastKnownFileType = sourcecode.c.h; name = DemoLayer.h; path = LayerProperty/DemoLayer.h; sourceTree = "<group>"; };
		4972F43019986F1800CD2201 /* DemoLayer.m */ = {isa = PBXFileReference; fileEncoding = 4; lastKnownFileType = sourcecode.c.objc; name = DemoLayer.m; path = LayerProperty/DemoLayer.m; sourceTree = "<group>"; };
		4972F43319989D4A00CD2201 /* CAPartDViewController.h */ = {isa = PBXFileReference; fileEncoding = 4; lastKnownFileType = sourcecode.c.h; name = CAPartDViewController.h; path = "CA-Part-D/CAPartDViewController.h"; sourceTree = "<group>"; };
		4972F43419989D4A00CD2201 /* CAPartDViewController.m */ = {isa = PBXFileReference; fileEncoding = 4; lastKnownFileType = sourcecode.c.objc; name = CAPartDViewController.m; path = "CA-Part-D/CAPartDViewController.m"; sourceTree = "<group>"; };
		4972F43519989D4A00CD2201 /* CAPartDViewController.xib */ = {isa = PBXFileReference; fileEncoding = 4; lastKnownFileType = file.xib; name = CAPartDViewController.xib; path = "CA-Part-D/CAPartDViewController.xib"; sourceTree = "<group>"; };
		4972F43819989F3B00CD2201 /* demo_pic1.png */ = {isa = PBXFileReference; lastKnownFileType = image.png; name = demo_pic1.png; path = Resource/demo_pic1.png; sourceTree = "<group>"; };
		4972F43919989F3B00CD2201 /* demo_pic2.png */ = {isa = PBXFileReference; lastKnownFileType = image.png; name = demo_pic2.png; path = Resource/demo_pic2.png; sourceTree = "<group>"; };
		4972F43C1998B1D200CD2201 /* CoreAnimationIntro.h */ = {isa = PBXFileReference; fileEncoding = 4; lastKnownFileType = sourcecode.c.h; name = CoreAnimationIntro.h; path = CAIntroduction/CoreAnimationIntro.h; sourceTree = "<group>"; };
		49CACBBA1994666D0083DEDA /* ShareOfCoreAnimation.app */ = {isa = PBXFileReference; explicitFileType = wrapper.application; includeInIndex = 0; path = ShareOfCoreAnimation.app; sourceTree = BUILT_PRODUCTS_DIR; };
		49CACBBD1994666D0083DEDA /* Foundation.framework */ = {isa = PBXFileReference; lastKnownFileType = wrapper.framework; name = Foundation.framework; path = System/Library/Frameworks/Foundation.framework; sourceTree = SDKROOT; };
		49CACBBF1994666D0083DEDA /* CoreGraphics.framework */ = {isa = PBXFileReference; lastKnownFileType = wrapper.framework; name = CoreGraphics.framework; path = System/Library/Frameworks/CoreGraphics.framework; sourceTree = SDKROOT; };
		49CACBC11994666D0083DEDA /* UIKit.framework */ = {isa = PBXFileReference; lastKnownFileType = wrapper.framework; name = UIKit.framework; path = System/Library/Frameworks/UIKit.framework; sourceTree = SDKROOT; };
		49CACBC51994666D0083DEDA /* ShareOfCoreAnimation-Info.plist */ = {isa = PBXFileReference; lastKnownFileType = text.plist.xml; path = "ShareOfCoreAnimation-Info.plist"; sourceTree = "<group>"; };
		49CACBC71994666D0083DEDA /* en */ = {isa = PBXFileReference; lastKnownFileType = text.plist.strings; name = en; path = en.lproj/InfoPlist.strings; sourceTree = "<group>"; };
		49CACBC91994666D0083DEDA /* main.m */ = {isa = PBXFileReference; lastKnownFileType = sourcecode.c.objc; path = main.m; sourceTree = "<group>"; };
		49CACBCB1994666D0083DEDA /* ShareOfCoreAnimation-Prefix.pch */ = {isa = PBXFileReference; lastKnownFileType = sourcecode.c.h; path = "ShareOfCoreAnimation-Prefix.pch"; sourceTree = "<group>"; };
		49CACBCC1994666D0083DEDA /* AppDelegate.h */ = {isa = PBXFileReference; lastKnownFileType = sourcecode.c.h; path = AppDelegate.h; sourceTree = "<group>"; };
		49CACBCD1994666D0083DEDA /* AppDelegate.m */ = {isa = PBXFileReference; lastKnownFileType = sourcecode.c.objc; path = AppDelegate.m; sourceTree = "<group>"; };
		49CACBD01994666D0083DEDA /* Base */ = {isa = PBXFileReference; lastKnownFileType = file.storyboard; name = Base; path = Base.lproj/Main.storyboard; sourceTree = "<group>"; };
		49CACBD21994666D0083DEDA /* ViewController.h */ = {isa = PBXFileReference; lastKnownFileType = sourcecode.c.h; path = ViewController.h; sourceTree = "<group>"; };
		49CACBD31994666D0083DEDA /* ViewController.m */ = {isa = PBXFileReference; lastKnownFileType = sourcecode.c.objc; path = ViewController.m; sourceTree = "<group>"; };
		49CACBD51994666D0083DEDA /* Images.xcassets */ = {isa = PBXFileReference; lastKnownFileType = folder.assetcatalog; path = Images.xcassets; sourceTree = "<group>"; };
		49CACBDB1994666D0083DEDA /* XCTest.framework */ = {isa = PBXFileReference; lastKnownFileType = wrapper.framework; name = XCTest.framework; path = Library/Frameworks/XCTest.framework; sourceTree = DEVELOPER_DIR; };
		49CACBE31994666D0083DEDA /* ShareOfCoreAnimationTests-Info.plist */ = {isa = PBXFileReference; lastKnownFileType = text.plist.xml; path = "ShareOfCoreAnimationTests-Info.plist"; sourceTree = "<group>"; };
		49CACBE51994666D0083DEDA /* en */ = {isa = PBXFileReference; lastKnownFileType = text.plist.strings; name = en; path = en.lproj/InfoPlist.strings; sourceTree = "<group>"; };
		49CACBE71994666D0083DEDA /* ShareOfCoreAnimationTests.m */ = {isa = PBXFileReference; lastKnownFileType = sourcecode.c.objc; path = ShareOfCoreAnimationTests.m; sourceTree = "<group>"; };
		49CACBF919946CD40083DEDA /* CAIntroViewController.h */ = {isa = PBXFileReference; fileEncoding = 4; lastKnownFileType = sourcecode.c.h; name = CAIntroViewController.h; path = CAIntroduction/CAIntroViewController.h; sourceTree = "<group>"; };
		49CACBFA19946CD40083DEDA /* CAIntroViewController.m */ = {isa = PBXFileReference; fileEncoding = 4; lastKnownFileType = sourcecode.c.objc; name = CAIntroViewController.m; path = CAIntroduction/CAIntroViewController.m; sourceTree = "<group>"; };
		49CACBFB19946CD40083DEDA /* CAIntroViewController.xib */ = {isa = PBXFileReference; fileEncoding = 4; lastKnownFileType = file.xib; name = CAIntroViewController.xib; path = CAIntroduction/CAIntroViewController.xib; sourceTree = "<group>"; };
		49CACBFF19949B440083DEDA /* CAPartAViewController.h */ = {isa = PBXFileReference; fileEncoding = 4; lastKnownFileType = sourcecode.c.h; name = CAPartAViewController.h; path = "CA-Part-A/CAPartAViewController.h"; sourceTree = "<group>"; };
		49CACC0019949B440083DEDA /* CAPartAViewController.m */ = {isa = PBXFileReference; fileEncoding = 4; lastKnownFileType = sourcecode.c.objc; name = CAPartAViewController.m; path = "CA-Part-A/CAPartAViewController.m"; sourceTree = "<group>"; };
		49CACC0119949B440083DEDA /* CAPartAViewController.xib */ = {isa = PBXFileReference; fileEncoding = 4; lastKnownFileType = file.xib; name = CAPartAViewController.xib; path = "CA-Part-A/CAPartAViewController.xib"; sourceTree = "<group>"; };
		49CACC0B1994AC560083DEDA /* arcsoft.png */ = {isa = PBXFileReference; lastKnownFileType = image.png; name = arcsoft.png; path = Resource/arcsoft.png; sourceTree = "<group>"; };
		49CACC0C1994AC560083DEDA /* circle.png */ = {isa = PBXFileReference; lastKnownFileType = image.png; name = circle.png; path = Resource/circle.png; sourceTree = "<group>"; };
		49CACC0D1994AC560083DEDA /* Core Animation.png */ = {isa = PBXFileReference; lastKnownFileType = image.png; name = "Core Animation.png"; path = "Resource/Core Animation.png"; sourceTree = "<group>"; };
		49CACC0E1994AC560083DEDA /* tracker.png */ = {isa = PBXFileReference; lastKnownFileType = image.png; name = tracker.png; path = Resource/tracker.png; sourceTree = "<group>"; };
		49CACC141994AE8E0083DEDA /* CAPartBViewController.h */ = {isa = PBXFileReference; fileEncoding = 4; lastKnownFileType = sourcecode.c.h; name = CAPartBViewController.h; path = "CA-Part-B/CAPartBViewController.h"; sourceTree = "<group>"; };
		49CACC151994AE8E0083DEDA /* CAPartBViewController.m */ = {isa = PBXFileReference; fileEncoding = 4; lastKnownFileType = sourcecode.c.objc; name = CAPartBViewController.m; path = "CA-Part-B/CAPartBViewController.m"; sourceTree = "<group>"; };
		49CACC161994AE8E0083DEDA /* CAPartBViewController.xib */ = {isa = PBXFileReference; fileEncoding = 4; lastKnownFileType = file.xib; name = CAPartBViewController.xib; path = "CA-Part-B/CAPartBViewController.xib"; sourceTree = "<group>"; };
		49CACC1A1994C2150083DEDA /* CASupplementViewController.h */ = {isa = PBXFileReference; fileEncoding = 4; lastKnownFileType = sourcecode.c.h; name = CASupplementViewController.h; path = "CA-Supplement/CASupplementViewController.h"; sourceTree = "<group>"; };
		49CACC1B1994C2150083DEDA /* CASupplementViewController.m */ = {isa = PBXFileReference; fileEncoding = 4; lastKnownFileType = sourcecode.c.objc; name = CASupplementViewController.m; path = "CA-Supplement/CASupplementViewController.m"; sourceTree = "<group>"; };
		49CACC1C1994C2150083DEDA /* CASupplementViewController.xib */ = {isa = PBXFileReference; fileEncoding = 4; lastKnownFileType = file.xib; name = CASupplementViewController.xib; path = "CA-Supplement/CASupplementViewController.xib"; sourceTree = "<group>"; };
		49CACC1F1994C3F20083DEDA /* head_icon.png */ = {isa = PBXFileReference; lastKnownFileType = image.png; name = head_icon.png; path = Resource/head_icon.png; sourceTree = "<group>"; };
		49CACC221994CFB00083DEDA /* CAPartCViewController.h */ = {isa = PBXFileReference; fileEncoding = 4; lastKnownFileType = sourcecode.c.h; name = CAPartCViewController.h; path = "CA-Part-C/CAPartCViewController.h"; sourceTree = "<group>"; };
		49CACC231994CFB00083DEDA /* CAPartCViewController.m */ = {isa = PBXFileReference; fileEncoding = 4; lastKnownFileType = sourcecode.c.objc; name = CAPartCViewController.m; path = "CA-Part-C/CAPartCViewController.m"; sourceTree = "<group>"; };
		49CACC241994CFB00083DEDA /* CAPartCViewController.xib */ = {isa = PBXFileReference; fileEncoding = 4; lastKnownFileType = file.xib; name = CAPartCViewController.xib; path = "CA-Part-C/CAPartCViewController.xib"; sourceTree = "<group>"; };
		49CACC271994D0930083DEDA /* test.jpg */ = {isa = PBXFileReference; lastKnownFileType = image.jpeg; name = test.jpg; path = Resource/test.jpg; sourceTree = "<group>"; };
/* End PBXFileReference section */

/* Begin PBXFrameworksBuildPhase section */
		49CACBB71994666D0083DEDA /* Frameworks */ = {
			isa = PBXFrameworksBuildPhase;
			buildActionMask = 2147483647;
			files = (
				49CACBC01994666D0083DEDA /* CoreGraphics.framework in Frameworks */,
				49CACBC21994666D0083DEDA /* UIKit.framework in Frameworks */,
				49CACBBE1994666D0083DEDA /* Foundation.framework in Frameworks */,
			);
			runOnlyForDeploymentPostprocessing = 0;
		};
		49CACBD81994666D0083DEDA /* Frameworks */ = {
			isa = PBXFrameworksBuildPhase;
			buildActionMask = 2147483647;
			files = (
				49CACBDC1994666D0083DEDA /* XCTest.framework in Frameworks */,
				49CACBDE1994666D0083DEDA /* UIKit.framework in Frameworks */,
				49CACBDD1994666D0083DEDA /* Foundation.framework in Frameworks */,
			);
			runOnlyForDeploymentPostprocessing = 0;
		};
/* End PBXFrameworksBuildPhase section */

/* Begin PBXGroup section */
		4972F42919986EB700CD2201 /* LayerProperty */ = {
			isa = PBXGroup;
			children = (
				4972F42F19986F1800CD2201 /* DemoLayer.h */,
				4972F43019986F1800CD2201 /* DemoLayer.m */,
				4972F42A19986EF900CD2201 /* LayerPropertyViewController.h */,
				4972F42B19986EF900CD2201 /* LayerPropertyViewController.m */,
				4972F42C19986EF900CD2201 /* LayerPropertyViewController.xib */,
			);
			name = LayerProperty;
			sourceTree = "<group>";
		};
		4972F43219989D1900CD2201 /* CA-Part-D */ = {
			isa = PBXGroup;
			children = (
				4972F43319989D4A00CD2201 /* CAPartDViewController.h */,
				4972F43419989D4A00CD2201 /* CAPartDViewController.m */,
				4972F43519989D4A00CD2201 /* CAPartDViewController.xib */,
			);
			name = "CA-Part-D";
			sourceTree = "<group>";
		};
		49CACBB11994666D0083DEDA = {
			isa = PBXGroup;
			children = (
				49CACBC31994666D0083DEDA /* ShareOfCoreAnimation */,
				49CACBE11994666D0083DEDA /* ShareOfCoreAnimationTests */,
				49CACBBC1994666D0083DEDA /* Frameworks */,
				49CACBBB1994666D0083DEDA /* Products */,
			);
			sourceTree = "<group>";
		};
		49CACBBB1994666D0083DEDA /* Products */ = {
			isa = PBXGroup;
			children = (
				49CACBBA1994666D0083DEDA /* ShareOfCoreAnimation.app */,
			);
			name = Products;
			sourceTree = "<group>";
		};
		49CACBBC1994666D0083DEDA /* Frameworks */ = {
			isa = PBXGroup;
			children = (
				49CACBBD1994666D0083DEDA /* Foundation.framework */,
				49CACBBF1994666D0083DEDA /* CoreGraphics.framework */,
				49CACBC11994666D0083DEDA /* UIKit.framework */,
				49CACBDB1994666D0083DEDA /* XCTest.framework */,
			);
			name = Frameworks;
			sourceTree = "<group>";
		};
		49CACBC31994666D0083DEDA /* ShareOfCoreAnimation */ = {
			isa = PBXGroup;
			children = (
				49CACBF1199466950083DEDA /* CAIntroduction */,
				4972F42919986EB700CD2201 /* LayerProperty */,
				49CACBFE19949AF90083DEDA /* CA-Part-A */,
				49CACC131994ADC80083DEDA /* CA-Part-B */,
				49CACC211994CF7E0083DEDA /* CA-Part-C */,
				4972F43219989D1900CD2201 /* CA-Part-D */,
				49CACC191994C1CC0083DEDA /* CA-Supplement */,
				49CACBCC1994666D0083DEDA /* AppDelegate.h */,
				49CACBCD1994666D0083DEDA /* AppDelegate.m */,
				49CACBCF1994666D0083DEDA /* Main.storyboard */,
				49CACBD21994666D0083DEDA /* ViewController.h */,
				49CACBD31994666D0083DEDA /* ViewController.m */,
				49CACBD51994666D0083DEDA /* Images.xcassets */,
				49CACBC41994666D0083DEDA /* Supporting Files */,
			);
			path = ShareOfCoreAnimation;
			sourceTree = "<group>";
		};
		49CACBC41994666D0083DEDA /* Supporting Files */ = {
			isa = PBXGroup;
			children = (
				49CACC0A1994AC4B0083DEDA /* Resource */,
				49CACBC51994666D0083DEDA /* ShareOfCoreAnimation-Info.plist */,
				49CACBC61994666D0083DEDA /* InfoPlist.strings */,
				49CACBC91994666D0083DEDA /* main.m */,
				49CACBCB1994666D0083DEDA /* ShareOfCoreAnimation-Prefix.pch */,
			);
			name = "Supporting Files";
			sourceTree = "<group>";
		};
		49CACBE11994666D0083DEDA /* ShareOfCoreAnimationTests */ = {
			isa = PBXGroup;
			children = (
				49CACBE71994666D0083DEDA /* ShareOfCoreAnimationTests.m */,
				49CACBE21994666D0083DEDA /* Supporting Files */,
			);
			path = ShareOfCoreAnimationTests;
			sourceTree = "<group>";
		};
		49CACBE21994666D0083DEDA /* Supporting Files */ = {
			isa = PBXGroup;
			children = (
				49CACBE31994666D0083DEDA /* ShareOfCoreAnimationTests-Info.plist */,
				49CACBE41994666D0083DEDA /* InfoPlist.strings */,
			);
			name = "Supporting Files";
			sourceTree = "<group>";
		};
		49CACBF1199466950083DEDA /* CAIntroduction */ = {
			isa = PBXGroup;
			children = (
				49CACBF919946CD40083DEDA /* CAIntroViewController.h */,
				49CACBFA19946CD40083DEDA /* CAIntroViewController.m */,
				49CACBFB19946CD40083DEDA /* CAIntroViewController.xib */,
				4972F43C1998B1D200CD2201 /* CoreAnimationIntro.h */,
			);
			name = CAIntroduction;
			sourceTree = "<group>";
		};
		49CACBFE19949AF90083DEDA /* CA-Part-A */ = {
			isa = PBXGroup;
			children = (
				49CACBFF19949B440083DEDA /* CAPartAViewController.h */,
				49CACC0019949B440083DEDA /* CAPartAViewController.m */,
				49CACC0119949B440083DEDA /* CAPartAViewController.xib */,
			);
			name = "CA-Part-A";
			sourceTree = "<group>";
		};
		49CACC0A1994AC4B0083DEDA /* Resource */ = {
			isa = PBXGroup;
			children = (
				4965ADA01999E58300DA77F3 /* Snowman.png */,
				4965ADA11999E58300DA77F3 /* Snowman@2x.png */,
				4972F43819989F3B00CD2201 /* demo_pic1.png */,
				4972F43919989F3B00CD2201 /* demo_pic2.png */,
				49CACC271994D0930083DEDA /* test.jpg */,
				49CACC1F1994C3F20083DEDA /* head_icon.png */,
				49CACC0B1994AC560083DEDA /* arcsoft.png */,
				49CACC0C1994AC560083DEDA /* circle.png */,
				49CACC0D1994AC560083DEDA /* Core Animation.png */,
				49CACC0E1994AC560083DEDA /* tracker.png */,
			);
			name = Resource;
			sourceTree = "<group>";
		};
		49CACC131994ADC80083DEDA /* CA-Part-B */ = {
			isa = PBXGroup;
			children = (
				49CACC141994AE8E0083DEDA /* CAPartBViewController.h */,
				49CACC151994AE8E0083DEDA /* CAPartBViewController.m */,
				49CACC161994AE8E0083DEDA /* CAPartBViewController.xib */,
			);
			name = "CA-Part-B";
			sourceTree = "<group>";
		};
		49CACC191994C1CC0083DEDA /* CA-Supplement */ = {
			isa = PBXGroup;
			children = (
				49CACC1A1994C2150083DEDA /* CASupplementViewController.h */,
				49CACC1B1994C2150083DEDA /* CASupplementViewController.m */,
				49CACC1C1994C2150083DEDA /* CASupplementViewController.xib */,
			);
			name = "CA-Supplement";
			sourceTree = "<group>";
		};
		49CACC211994CF7E0083DEDA /* CA-Part-C */ = {
			isa = PBXGroup;
			children = (
				492358791AB27FF400F41190 /* ShapeAniLayer.h */,
				4923587A1AB27FF400F41190 /* ShapeAniLayer.m */,
				49CACC221994CFB00083DEDA /* CAPartCViewController.h */,
				49CACC231994CFB00083DEDA /* CAPartCViewController.m */,
				49CACC241994CFB00083DEDA /* CAPartCViewController.xib */,
				4923587C1AB2801900F41190 /* ShapeLayerController.h */,
				4923587D1AB2801900F41190 /* ShapeLayerController.m */,
			);
			name = "CA-Part-C";
			sourceTree = "<group>";
		};
/* End PBXGroup section */

/* Begin PBXNativeTarget section */
		49CACBB91994666D0083DEDA /* ShareOfCoreAnimation */ = {
			isa = PBXNativeTarget;
			buildConfigurationList = 49CACBEB1994666D0083DEDA /* Build configuration list for PBXNativeTarget "ShareOfCoreAnimation" */;
			buildPhases = (
				49CACBB61994666D0083DEDA /* Sources */,
				49CACBB71994666D0083DEDA /* Frameworks */,
				49CACBB81994666D0083DEDA /* Resources */,
			);
			buildRules = (
			);
			dependencies = (
			);
			name = ShareOfCoreAnimation;
			productName = ShareOfCoreAnimation;
			productReference = 49CACBBA1994666D0083DEDA /* ShareOfCoreAnimation.app */;
			productType = "com.apple.product-type.application";
		};
		49CACBDA1994666D0083DEDA /* ShareOfCoreAnimationTests */ = {
			isa = PBXNativeTarget;
			buildConfigurationList = 49CACBEE1994666D0083DEDA /* Build configuration list for PBXNativeTarget "ShareOfCoreAnimationTests" */;
			buildPhases = (
				49CACBD71994666D0083DEDA /* Sources */,
				49CACBD81994666D0083DEDA /* Frameworks */,
				49CACBD91994666D0083DEDA /* Resources */,
			);
			buildRules = (
			);
			dependencies = (
				49CACBE01994666D0083DEDA /* PBXTargetDependency */,
			);
			name = ShareOfCoreAnimationTests;
			productName = ShareOfCoreAnimationTests;
			productType = "com.apple.product-type.bundle.unit-test";
		};
/* End PBXNativeTarget section */

/* Begin PBXProject section */
		49CACBB21994666D0083DEDA /* Project object */ = {
			isa = PBXProject;
			attributes = {
				LastUpgradeCheck = 0510;
				ORGANIZATIONNAME = ArcSoft;
				TargetAttributes = {
					49CACBDA1994666D0083DEDA = {
						TestTargetID = 49CACBB91994666D0083DEDA;
					};
				};
			};
			buildConfigurationList = 49CACBB51994666D0083DEDA /* Build configuration list for PBXProject "ShareOfCoreAnimation" */;
			compatibilityVersion = "Xcode 3.2";
			developmentRegion = English;
			hasScannedForEncodings = 0;
			knownRegions = (
				en,
				Base,
			);
			mainGroup = 49CACBB11994666D0083DEDA;
			productRefGroup = 49CACBBB1994666D0083DEDA /* Products */;
			projectDirPath = "";
			projectRoot = "";
			targets = (
				49CACBB91994666D0083DEDA /* ShareOfCoreAnimation */,
				49CACBDA1994666D0083DEDA /* ShareOfCoreAnimationTests */,
			);
		};
/* End PBXProject section */

/* Begin PBXResourcesBuildPhase section */
		49CACBB81994666D0083DEDA /* Resources */ = {
			isa = PBXResourcesBuildPhase;
			buildActionMask = 2147483647;
			files = (
				4972F42E19986EF900CD2201 /* LayerPropertyViewController.xib in Resources */,
				49CACC1E1994C2150083DEDA /* CASupplementViewController.xib in Resources */,
				49CACC261994CFB00083DEDA /* CAPartCViewController.xib in Resources */,
				49CACBFD19946CD40083DEDA /* CAIntroViewController.xib in Resources */,
				4972F43A19989F3B00CD2201 /* demo_pic1.png in Resources */,
				49CACBD61994666D0083DEDA /* Images.xcassets in Resources */,
				49CACBC81994666D0083DEDA /* InfoPlist.strings in Resources */,
				4965ADA21999E58300DA77F3 /* Snowman.png in Resources */,
				49CACBD11994666D0083DEDA /* Main.storyboard in Resources */,
				49CACC101994AC560083DEDA /* circle.png in Resources */,
				4972F43719989D4A00CD2201 /* CAPartDViewController.xib in Resources */,
				4972F43B19989F3B00CD2201 /* demo_pic2.png in Resources */,
				49CACC201994C3F20083DEDA /* head_icon.png in Resources */,
				49CACC121994AC560083DEDA /* tracker.png in Resources */,
				49CACC281994D0930083DEDA /* test.jpg in Resources */,
				49CACC181994AE8E0083DEDA /* CAPartBViewController.xib in Resources */,
				49CACC0F1994AC560083DEDA /* arcsoft.png in Resources */,
				49CACC111994AC560083DEDA /* Core Animation.png in Resources */,
				4965ADA31999E58300DA77F3 /* Snowman@2x.png in Resources */,
				49CACC0319949B440083DEDA /* CAPartAViewController.xib in Resources */,
			);
			runOnlyForDeploymentPostprocessing = 0;
		};
		49CACBD91994666D0083DEDA /* Resources */ = {
			isa = PBXResourcesBuildPhase;
			buildActionMask = 2147483647;
			files = (
				49CACBE61994666D0083DEDA /* InfoPlist.strings in Resources */,
			);
			runOnlyForDeploymentPostprocessing = 0;
		};
/* End PBXResourcesBuildPhase section */

/* Begin PBXSourcesBuildPhase section */
		49CACBB61994666D0083DEDA /* Sources */ = {
			isa = PBXSourcesBuildPhase;
			buildActionMask = 2147483647;
			files = (
				4923587B1AB27FF400F41190 /* ShapeAniLayer.m in Sources */,
				4972F43119986F1800CD2201 /* DemoLayer.m in Sources */,
				49CACBD41994666D0083DEDA /* ViewController.m in Sources */,
				4972F43619989D4A00CD2201 /* CAPartDViewController.m in Sources */,
				49CACBFC19946CD40083DEDA /* CAIntroViewController.m in Sources */,
				4972F42D19986EF900CD2201 /* LayerPropertyViewController.m in Sources */,
				49CACC0219949B440083DEDA /* CAPartAViewController.m in Sources */,
				49CACBCE1994666D0083DEDA /* AppDelegate.m in Sources */,
				49CACC171994AE8E0083DEDA /* CAPartBViewController.m in Sources */,
				4923587E1AB2801900F41190 /* ShapeLayerController.m in Sources */,
				49CACC1D1994C2150083DEDA /* CASupplementViewController.m in Sources */,
				49CACBCA1994666D0083DEDA /* main.m in Sources */,
				49CACC251994CFB00083DEDA /* CAPartCViewController.m in Sources */,
			);
			runOnlyForDeploymentPostprocessing = 0;
		};
		49CACBD71994666D0083DEDA /* Sources */ = {
			isa = PBXSourcesBuildPhase;
			buildActionMask = 2147483647;
			files = (
				49CACBE81994666D0083DEDA /* ShareOfCoreAnimationTests.m in Sources */,
			);
			runOnlyForDeploymentPostprocessing = 0;
		};
/* End PBXSourcesBuildPhase section */

/* Begin PBXTargetDependency section */
		49CACBE01994666D0083DEDA /* PBXTargetDependency */ = {
			isa = PBXTargetDependency;
			target = 49CACBB91994666D0083DEDA /* ShareOfCoreAnimation */;
			targetProxy = 49CACBDF1994666D0083DEDA /* PBXContainerItemProxy */;
		};
/* End PBXTargetDependency section */

/* Begin PBXVariantGroup section */
		49CACBC61994666D0083DEDA /* InfoPlist.strings */ = {
			isa = PBXVariantGroup;
			children = (
				49CACBC71994666D0083DEDA /* en */,
			);
			name = InfoPlist.strings;
			sourceTree = "<group>";
		};
		49CACBCF1994666D0083DEDA /* Main.storyboard */ = {
			isa = PBXVariantGroup;
			children = (
				49CACBD01994666D0083DEDA /* Base */,
			);
			name = Main.storyboard;
			sourceTree = "<group>";
		};
		49CACBE41994666D0083DEDA /* InfoPlist.strings */ = {
			isa = PBXVariantGroup;
			children = (
				49CACBE51994666D0083DEDA /* en */,
			);
			name = InfoPlist.strings;
			sourceTree = "<group>";
		};
/* End PBXVariantGroup section */

/* Begin XCBuildConfiguration section */
		49CACBE91994666D0083DEDA /* Debug */ = {
			isa = XCBuildConfiguration;
			buildSettings = {
				ALWAYS_SEARCH_USER_PATHS = NO;
				CLANG_CXX_LANGUAGE_STANDARD = "gnu++0x";
				CLANG_CXX_LIBRARY = "libc++";
				CLANG_ENABLE_MODULES = YES;
				CLANG_ENABLE_OBJC_ARC = YES;
				CLANG_WARN_BOOL_CONVERSION = YES;
				CLANG_WARN_CONSTANT_CONVERSION = YES;
				CLANG_WARN_DIRECT_OBJC_ISA_USAGE = YES_ERROR;
				CLANG_WARN_EMPTY_BODY = YES;
				CLANG_WARN_ENUM_CONVERSION = YES;
				CLANG_WARN_INT_CONVERSION = YES;
				CLANG_WARN_OBJC_ROOT_CLASS = YES_ERROR;
				CLANG_WARN__DUPLICATE_METHOD_MATCH = YES;
				"CODE_SIGN_IDENTITY[sdk=iphoneos*]" = "iPhone Developer";
				COPY_PHASE_STRIP = NO;
				GCC_C_LANGUAGE_STANDARD = gnu99;
				GCC_DYNAMIC_NO_PIC = NO;
				GCC_OPTIMIZATION_LEVEL = 0;
				GCC_PREPROCESSOR_DEFINITIONS = (
					"DEBUG=1",
					"$(inherited)",
				);
				GCC_SYMBOLS_PRIVATE_EXTERN = NO;
				GCC_WARN_64_TO_32_BIT_CONVERSION = YES;
				GCC_WARN_ABOUT_RETURN_TYPE = YES_ERROR;
				GCC_WARN_UNDECLARED_SELECTOR = YES;
				GCC_WARN_UNINITIALIZED_AUTOS = YES_AGGRESSIVE;
				GCC_WARN_UNUSED_FUNCTION = YES;
				GCC_WARN_UNUSED_VARIABLE = YES;
				IPHONEOS_DEPLOYMENT_TARGET = 7.1;
				ONLY_ACTIVE_ARCH = YES;
				SDKROOT = iphoneos;
			};
			name = Debug;
		};
		49CACBEA1994666D0083DEDA /* Release */ = {
			isa = XCBuildConfiguration;
			buildSettings = {
				ALWAYS_SEARCH_USER_PATHS = NO;
				CLANG_CXX_LANGUAGE_STANDARD = "gnu++0x";
				CLANG_CXX_LIBRARY = "libc++";
				CLANG_ENABLE_MODULES = YES;
				CLANG_ENABLE_OBJC_ARC = YES;
				CLANG_WARN_BOOL_CONVERSION = YES;
				CLANG_WARN_CONSTANT_CONVERSION = YES;
				CLANG_WARN_DIRECT_OBJC_ISA_USAGE = YES_ERROR;
				CLANG_WARN_EMPTY_BODY = YES;
				CLANG_WARN_ENUM_CONVERSION = YES;
				CLANG_WARN_INT_CONVERSION = YES;
				CLANG_WARN_OBJC_ROOT_CLASS = YES_ERROR;
				CLANG_WARN__DUPLICATE_METHOD_MATCH = YES;
				"CODE_SIGN_IDENTITY[sdk=iphoneos*]" = "iPhone Developer";
				COPY_PHASE_STRIP = YES;
				ENABLE_NS_ASSERTIONS = NO;
				GCC_C_LANGUAGE_STANDARD = gnu99;
				GCC_WARN_64_TO_32_BIT_CONVERSION = YES;
				GCC_WARN_ABOUT_RETURN_TYPE = YES_ERROR;
				GCC_WARN_UNDECLARED_SELECTOR = YES;
				GCC_WARN_UNINITIALIZED_AUTOS = YES_AGGRESSIVE;
				GCC_WARN_UNUSED_FUNCTION = YES;
				GCC_WARN_UNUSED_VARIABLE = YES;
				IPHONEOS_DEPLOYMENT_TARGET = 7.1;
				SDKROOT = iphoneos;
				VALIDATE_PRODUCT = YES;
			};
			name = Release;
		};
		49CACBEC1994666D0083DEDA /* Debug */ = {
			isa = XCBuildConfiguration;
			buildSettings = {
				ASSETCATALOG_COMPILER_APPICON_NAME = AppIcon;
				ASSETCATALOG_COMPILER_LAUNCHIMAGE_NAME = LaunchImage;
				GCC_PRECOMPILE_PREFIX_HEADER = YES;
				GCC_PREFIX_HEADER = "ShareOfCoreAnimation/ShareOfCoreAnimation-Prefix.pch";
				INFOPLIST_FILE = "ShareOfCoreAnimation/ShareOfCoreAnimation-Info.plist";
				PRODUCT_NAME = "$(TARGET_NAME)";
				WRAPPER_EXTENSION = app;
			};
			name = Debug;
		};
		49CACBED1994666D0083DEDA /* Release */ = {
			isa = XCBuildConfiguration;
			buildSettings = {
				ASSETCATALOG_COMPILER_APPICON_NAME = AppIcon;
				ASSETCATALOG_COMPILER_LAUNCHIMAGE_NAME = LaunchImage;
				GCC_PRECOMPILE_PREFIX_HEADER = YES;
				GCC_PREFIX_HEADER = "ShareOfCoreAnimation/ShareOfCoreAnimation-Prefix.pch";
				INFOPLIST_FILE = "ShareOfCoreAnimation/ShareOfCoreAnimation-Info.plist";
				PRODUCT_NAME = "$(TARGET_NAME)";
				WRAPPER_EXTENSION = app;
			};
			name = Release;
		};
		49CACBEF1994666D0083DEDA /* Debug */ = {
			isa = XCBuildConfiguration;
			buildSettings = {
				BUNDLE_LOADER = "$(BUILT_PRODUCTS_DIR)/ShareOfCoreAnimation.app/ShareOfCoreAnimation";
				FRAMEWORK_SEARCH_PATHS = (
					"$(SDKROOT)/Developer/Library/Frameworks",
					"$(inherited)",
					"$(DEVELOPER_FRAMEWORKS_DIR)",
				);
				GCC_PRECOMPILE_PREFIX_HEADER = YES;
				GCC_PREFIX_HEADER = "ShareOfCoreAnimation/ShareOfCoreAnimation-Prefix.pch";
				GCC_PREPROCESSOR_DEFINITIONS = (
					"DEBUG=1",
					"$(inherited)",
				);
				INFOPLIST_FILE = "ShareOfCoreAnimationTests/ShareOfCoreAnimationTests-Info.plist";
				PRODUCT_NAME = "$(TARGET_NAME)";
				TEST_HOST = "$(BUNDLE_LOADER)";
				WRAPPER_EXTENSION = xctest;
			};
			name = Debug;
		};
		49CACBF01994666D0083DEDA /* Release */ = {
			isa = XCBuildConfiguration;
			buildSettings = {
				BUNDLE_LOADER = "$(BUILT_PRODUCTS_DIR)/ShareOfCoreAnimation.app/ShareOfCoreAnimation";
				FRAMEWORK_SEARCH_PATHS = (
					"$(SDKROOT)/Developer/Library/Frameworks",
					"$(inherited)",
					"$(DEVELOPER_FRAMEWORKS_DIR)",
				);
				GCC_PRECOMPILE_PREFIX_HEADER = YES;
				GCC_PREFIX_HEADER = "ShareOfCoreAnimation/ShareOfCoreAnimation-Prefix.pch";
				INFOPLIST_FILE = "ShareOfCoreAnimationTests/ShareOfCoreAnimationTests-Info.plist";
				PRODUCT_NAME = "$(TARGET_NAME)";
				TEST_HOST = "$(BUNDLE_LOADER)";
				WRAPPER_EXTENSION = xctest;
			};
			name = Release;
		};
/* End XCBuildConfiguration section */

/* Begin XCConfigurationList section */
		49CACBB51994666D0083DEDA /* Build configuration list for PBXProject "ShareOfCoreAnimation" */ = {
			isa = XCConfigurationList;
			buildConfigurations = (
				49CACBE91994666D0083DEDA /* Debug */,
				49CACBEA1994666D0083DEDA /* Release */,
			);
			defaultConfigurationIsVisible = 0;
			defaultConfigurationName = Release;
		};
		49CACBEB1994666D0083DEDA /* Build configuration list for PBXNativeTarget "ShareOfCoreAnimation" */ = {
			isa = XCConfigurationList;
			buildConfigurations = (
				49CACBEC1994666D0083DEDA /* Debug */,
				49CACBED1994666D0083DEDA /* Release */,
			);
			defaultConfigurationIsVisible = 0;
			defaultConfigurationName = Release;
		};
		49CACBEE1994666D0083DEDA /* Build configuration list for PBXNativeTarget "ShareOfCoreAnimationTests" */ = {
			isa = XCConfigurationList;
			buildConfigurations = (
				49CACBEF1994666D0083DEDA /* Debug */,
				49CACBF01994666D0083DEDA /* Release */,
			);
			defaultConfigurationIsVisible = 0;
			defaultConfigurationName = Release;
		};
/* End XCConfigurationList section */
	};
	rootObject = 49CACBB21994666D0083DEDA /* Project object */;
}
